
Microsoft Visual Studio Solution File, Format Version 12.00
# Visual Studio 2013
VisualStudioVersion = 12.0.31101.0
MinimumVisualStudioVersion = 10.0.40219.1
Project("{FAE04EC0-301F-11D3-BF4B-00C04F79EFBC}") = "DrivenTelemetryWinForms", "DrivenTelemetryWinForms\DrivenTelemetryWinForms.csproj", "{39214B87-ED71-4AEF-A0D2-84AC4A8A9116}"
EndProject
Global
	GlobalSection(SolutionConfigurationPlatforms) = preSolution
		Debug|Any CPU = Debug|Any CPU
		Release|Any CPU = Release|Any CPU
	EndGlobalSection
	GlobalSection(ProjectConfigurationPlatforms) = postSolution
		{39214B87-ED71-4AEF-A0D2-84AC4A8A9116}.Debug|Any CPU.ActiveCfg = Debug|Any CPU
		{39214B87-ED71-4AEF-A0D2-84AC4A8A9116}.Debug|Any CPU.Build.0 = Debug|Any CPU
		{39214B87-ED71-4AEF-A0D2-84AC4A8A9116}.Release|Any CPU.ActiveCfg = Release|Any CPU
		{39214B87-ED71-4AEF-A0D2-84AC4A8A9116}.Release|Any CPU.Build.0 = Release|Any CPU
	EndGlobalSection
	GlobalSection(SolutionProperties) = preSolution
		HideSolutionNode = FALSE
	EndGlobalSection
EndGlobal
